
Microsoft Visual Studio Solution File, Format Version 12.00
# Visual Studio 14
VisualStudioVersion = 14.0.25420.1
MinimumVisualStudioVersion = 10.0.40219.1
Project("{FAE04EC0-301F-11D3-BF4B-00C04F79EFBC}") = "super_resolution_Application", "super_resolution_Application\super_resolution_Application.csproj", "{C22B9C78-9DDC-4F06-868B-21664B07B407}"
EndProject
Global
	GlobalSection(SolutionConfigurationPlatforms) = preSolution
		Debug|Any CPU = Debug|Any CPU
		Release|Any CPU = Release|Any CPU
	EndGlobalSection
	GlobalSection(ProjectConfigurationPlatforms) = postSolution
		{C22B9C78-9DDC-4F06-868B-21664B07B407}.Debug|Any CPU.ActiveCfg = Debug|Any CPU
		{C22B9C78-9DDC-4F06-868B-21664B07B407}.Debug|Any CPU.Build.0 = Debug|Any CPU
		{C22B9C78-9DDC-4F06-868B-21664B07B407}.Release|Any CPU.ActiveCfg = Release|Any CPU
		{C22B9C78-9DDC-4F06-868B-21664B07B407}.Release|Any CPU.Build.0 = Release|Any CPU
	EndGlobalSection
	GlobalSection(SolutionProperties) = preSolution
		HideSolutionNode = FALSE
	EndGlobalSection
EndGlobal
